// !$*UTF8*$!
{
	archiveVersion = 1;
	classes = {
	};
	objectVersion = 50;
	objects = {

/* Begin PBXBuildFile section */
		CD0EED0725CF971100237AFE /* AppDelegate.swift in Sources */ = {isa = PBXBuildFile; fileRef = CD0EED0625CF971100237AFE /* AppDelegate.swift */; };
		CD0EED0925CF971100237AFE /* SceneDelegate.swift in Sources */ = {isa = PBXBuildFile; fileRef = CD0EED0825CF971100237AFE /* SceneDelegate.swift */; };
		CD0EED0B25CF971100237AFE /* ViewController.swift in Sources */ = {isa = PBXBuildFile; fileRef = CD0EED0A25CF971100237AFE /* ViewController.swift */; };
		CD0EED0E25CF971200237AFE /* Main.storyboard in Resources */ = {isa = PBXBuildFile; fileRef = CD0EED0C25CF971200237AFE /* Main.storyboard */; };
		CD0EED1025CF974B00237AFE /* Assets.xcassets in Resources */ = {isa = PBXBuildFile; fileRef = CD0EED0F25CF974B00237AFE /* Assets.xcassets */; };
		CD0EED1325CF974B00237AFE /* LaunchScreen.storyboard in Resources */ = {isa = PBXBuildFile; fileRef = CD0EED1125CF974B00237AFE /* LaunchScreen.storyboard */; };
		CD0EED1E25CF975000237AFE /* PreworkTests.swift in Sources */ = {isa = PBXBuildFile; fileRef = CD0EED1D25CF975000237AFE /* PreworkTests.swift */; };
		CD0EED2925CF975000237AFE /* PreworkUITests.swift in Sources */ = {isa = PBXBuildFile; fileRef = CD0EED2825CF975000237AFE /* PreworkUITests.swift */; };
/* End PBXBuildFile section */

/* Begin PBXContainerItemProxy section */
		CD0EED1A25CF975000237AFE /* PBXContainerItemProxy */ = {
			isa = PBXContainerItemProxy;
			containerPortal = CD0EECFB25CF971100237AFE /* Project object */;
			proxyType = 1;
			remoteGlobalIDString = CD0EED0225CF971100237AFE;
			remoteInfo = Prework;
		};
		CD0EED2525CF975000237AFE /* PBXContainerItemProxy */ = {
			isa = PBXContainerItemProxy;
			containerPortal = CD0EECFB25CF971100237AFE /* Project object */;
			proxyType = 1;
			remoteGlobalIDString = CD0EED0225CF971100237AFE;
			remoteInfo = Prework;
		};
/* End PBXContainerItemProxy section */

/* Begin PBXFileReference section */
		CD0EED0325CF971100237AFE /* Prework.app */ = {isa = PBXFileReference; explicitFileType = wrapper.application; includeInIndex = 0; path = Prework.app; sourceTree = BUILT_PRODUCTS_DIR; };
		CD0EED0625CF971100237AFE /* AppDelegate.swift */ = {isa = PBXFileReference; lastKnownFileType = sourcecode.swift; path = AppDelegate.swift; sourceTree = "<group>"; };
		CD0EED0825CF971100237AFE /* SceneDelegate.swift */ = {isa = PBXFileReference; lastKnownFileType = sourcecode.swift; path = SceneDelegate.swift; sourceTree = "<group>"; };
		CD0EED0A25CF971100237AFE /* ViewController.swift */ = {isa = PBXFileReference; lastKnownFileType = sourcecode.swift; path = ViewController.swift; sourceTree = "<group>"; };
		CD0EED0D25CF971200237AFE /* Base */ = {isa = PBXFileReference; lastKnownFileType = file.storyboard; name = Base; path = Base.lproj/Main.storyboard; sourceTree = "<group>"; };
		CD0EED0F25CF974B00237AFE /* Assets.xcassets */ = {isa = PBXFileReference; lastKnownFileType = folder.assetcatalog; path = Assets.xcassets; sourceTree = "<group>"; };
		CD0EED1225CF974B00237AFE /* Base */ = {isa = PBXFileReference; lastKnownFileType = file.storyboard; name = Base; path = Base.lproj/LaunchScreen.storyboard; sourceTree = "<group>"; };
		CD0EED1425CF974B00237AFE /* Info.plist */ = {isa = PBXFileReference; lastKnownFileType = text.plist.xml; path = Info.plist; sourceTree = "<group>"; };
		CD0EED1925CF975000237AFE /* PreworkTests.xctest */ = {isa = PBXFileReference; explicitFileType = wrapper.cfbundle; includeInIndex = 0; path = PreworkTests.xctest; sourceTree = BUILT_PRODUCTS_DIR; };
		CD0EED1D25CF975000237AFE /* PreworkTests.swift */ = {isa = PBXFileReference; lastKnownFileType = sourcecode.swift; path = PreworkTests.swift; sourceTree = "<group>"; };
		CD0EED1F25CF975000237AFE /* Info.plist */ = {isa = PBXFileReference; lastKnownFileType = text.plist.xml; path = Info.plist; sourceTree = "<group>"; };
		CD0EED2425CF975000237AFE /* PreworkUITests.xctest */ = {isa = PBXFileReference; explicitFileType = wrapper.cfbundle; includeInIndex = 0; path = PreworkUITests.xctest; sourceTree = BUILT_PRODUCTS_DIR; };
		CD0EED2825CF975000237AFE /* PreworkUITests.swift */ = {isa = PBXFileReference; lastKnownFileType = sourcecode.swift; path = PreworkUITests.swift; sourceTree = "<group>"; };
		CD0EED2A25CF975000237AFE /* Info.plist */ = {isa = PBXFileReference; lastKnownFileType = text.plist.xml; path = Info.plist; sourceTree = "<group>"; };
/* End PBXFileReference section */

/* Begin PBXFrameworksBuildPhase section */
		CD0EED0025CF971100237AFE /* Frameworks */ = {
			isa = PBXFrameworksBuildPhase;
			buildActionMask = 2147483647;
			files = (
			);
			runOnlyForDeploymentPostprocessing = 0;
		};
		CD0EED1625CF975000237AFE /* Frameworks */ = {
			isa = PBXFrameworksBuildPhase;
			buildActionMask = 2147483647;
			files = (
			);
			runOnlyForDeploymentPostprocessing = 0;
		};
		CD0EED2125CF975000237AFE /* Frameworks */ = {
			isa = PBXFrameworksBuildPhase;
			buildActionMask = 2147483647;
			files = (
			);
			runOnlyForDeploymentPostprocessing = 0;
		};
/* End PBXFrameworksBuildPhase section */

/* Begin PBXGroup section */
		CD0EECFA25CF971100237AFE = {
			isa = PBXGroup;
			children = (
				CD0EED0525CF971100237AFE /* Prework */,
				CD0EED1C25CF975000237AFE /* PreworkTests */,
				CD0EED2725CF975000237AFE /* PreworkUITests */,
				CD0EED0425CF971100237AFE /* Products */,
			);
			sourceTree = "<group>";
		};
		CD0EED0425CF971100237AFE /* Products */ = {
			isa = PBXGroup;
			children = (
				CD0EED0325CF971100237AFE /* Prework.app */,
				CD0EED1925CF975000237AFE /* PreworkTests.xctest */,
				CD0EED2425CF975000237AFE /* PreworkUITests.xctest */,
			);
			name = Products;
			sourceTree = "<group>";
		};
		CD0EED0525CF971100237AFE /* Prework */ = {
			isa = PBXGroup;
			children = (
				CD0EED0625CF971100237AFE /* AppDelegate.swift */,
				CD0EED0825CF971100237AFE /* SceneDelegate.swift */,
				CD0EED0A25CF971100237AFE /* ViewController.swift */,
				CD0EED0C25CF971200237AFE /* Main.storyboard */,
				CD0EED0F25CF974B00237AFE /* Assets.xcassets */,
				CD0EED1125CF974B00237AFE /* LaunchScreen.storyboard */,
				CD0EED1425CF974B00237AFE /* Info.plist */,
			);
			path = Prework;
			sourceTree = "<group>";
		};
		CD0EED1C25CF975000237AFE /* PreworkTests */ = {
			isa = PBXGroup;
			children = (
				CD0EED1D25CF975000237AFE /* PreworkTests.swift */,
				CD0EED1F25CF975000237AFE /* Info.plist */,
			);
			path = PreworkTests;
			sourceTree = "<group>";
		};
		CD0EED2725CF975000237AFE /* PreworkUITests */ = {
			isa = PBXGroup;
			children = (
				CD0EED2825CF975000237AFE /* PreworkUITests.swift */,
				CD0EED2A25CF975000237AFE /* Info.plist */,
			);
			path = PreworkUITests;
			sourceTree = "<group>";
		};
/* End PBXGroup section */

/* Begin PBXNativeTarget section */
		CD0EED0225CF971100237AFE /* Prework */ = {
			isa = PBXNativeTarget;
			buildConfigurationList = CD0EED2D25CF975100237AFE /* Build configuration list for PBXNativeTarget "Prework" */;
			buildPhases = (
				CD0EECFF25CF971100237AFE /* Sources */,
				CD0EED0025CF971100237AFE /* Frameworks */,
				CD0EED0125CF971100237AFE /* Resources */,
			);
			buildRules = (
			);
			dependencies = (
			);
			name = Prework;
			productName = Prework;
			productReference = CD0EED0325CF971100237AFE /* Prework.app */;
			productType = "com.apple.product-type.application";
		};
		CD0EED1825CF975000237AFE /* PreworkTests */ = {
			isa = PBXNativeTarget;
			buildConfigurationList = CD0EED3025CF975100237AFE /* Build configuration list for PBXNativeTarget "PreworkTests" */;
			buildPhases = (
				CD0EED1525CF975000237AFE /* Sources */,
				CD0EED1625CF975000237AFE /* Frameworks */,
				CD0EED1725CF975000237AFE /* Resources */,
			);
			buildRules = (
			);
			dependencies = (
				CD0EED1B25CF975000237AFE /* PBXTargetDependency */,
			);
			name = PreworkTests;
			productName = PreworkTests;
			productReference = CD0EED1925CF975000237AFE /* PreworkTests.xctest */;
			productType = "com.apple.product-type.bundle.unit-test";
		};
		CD0EED2325CF975000237AFE /* PreworkUITests */ = {
			isa = PBXNativeTarget;
			buildConfigurationList = CD0EED3325CF975100237AFE /* Build configuration list for PBXNativeTarget "PreworkUITests" */;
			buildPhases = (
				CD0EED2025CF975000237AFE /* Sources */,
				CD0EED2125CF975000237AFE /* Frameworks */,
				CD0EED2225CF975000237AFE /* Resources */,
			);
			buildRules = (
			);
			dependencies = (
				CD0EED2625CF975000237AFE /* PBXTargetDependency */,
			);
			name = PreworkUITests;
			productName = PreworkUITests;
			productReference = CD0EED2425CF975000237AFE /* PreworkUITests.xctest */;
			productType = "com.apple.product-type.bundle.ui-testing";
		};
/* End PBXNativeTarget section */

/* Begin PBXProject section */
		CD0EECFB25CF971100237AFE /* Project object */ = {
			isa = PBXProject;
			attributes = {
				LastSwiftUpdateCheck = 1240;
				LastUpgradeCheck = 1240;
				TargetAttributes = {
					CD0EED0225CF971100237AFE = {
						CreatedOnToolsVersion = 12.4;
					};
					CD0EED1825CF975000237AFE = {
						CreatedOnToolsVersion = 12.4;
						TestTargetID = CD0EED0225CF971100237AFE;
					};
					CD0EED2325CF975000237AFE = {
						CreatedOnToolsVersion = 12.4;
						TestTargetID = CD0EED0225CF971100237AFE;
					};
				};
			};
			buildConfigurationList = CD0EECFE25CF971100237AFE /* Build configuration list for PBXProject "Prework" */;
			compatibilityVersion = "Xcode 9.3";
			developmentRegion = en;
			hasScannedForEncodings = 0;
			knownRegions = (
				en,
				Base,
			);
			mainGroup = CD0EECFA25CF971100237AFE;
			productRefGroup = CD0EED0425CF971100237AFE /* Products */;
			projectDirPath = "";
			projectRoot = "";
			targets = (
				CD0EED0225CF971100237AFE /* Prework */,
				CD0EED1825CF975000237AFE /* PreworkTests */,
				CD0EED2325CF975000237AFE /* PreworkUITests */,
			);
		};
/* End PBXProject section */

/* Begin PBXResourcesBuildPhase section */
		CD0EED0125CF971100237AFE /* Resources */ = {
			isa = PBXResourcesBuildPhase;
			buildActionMask = 2147483647;
			files = (
				CD0EED1325CF974B00237AFE /* LaunchScreen.storyboard in Resources */,
				CD0EED1025CF974B00237AFE /* Assets.xcassets in Resources */,
				CD0EED0E25CF971200237AFE /* Main.storyboard in Resources */,
			);
			runOnlyForDeploymentPostprocessing = 0;
		};
		CD0EED1725CF975000237AFE /* Resources */ = {
			isa = PBXResourcesBuildPhase;
			buildActionMask = 2147483647;
			files = (
			);
			runOnlyForDeploymentPostprocessing = 0;
		};
		CD0EED2225CF975000237AFE /* Resources */ = {
			isa = PBXResourcesBuildPhase;
			buildActionMask = 2147483647;
			files = (
			);
			runOnlyForDeploymentPostprocessing = 0;
		};
/* End PBXResourcesBuildPhase section */

/* Begin PBXSourcesBuildPhase section */
		CD0EECFF25CF971100237AFE /* Sources */ = {
			isa = PBXSourcesBuildPhase;
			buildActionMask = 2147483647;
			files = (
				CD0EED0B25CF971100237AFE /* ViewController.swift in Sources */,
				CD0EED0725CF971100237AFE /* AppDelegate.swift in Sources */,
				CD0EED0925CF971100237AFE /* SceneDelegate.swift in Sources */,
			);
			runOnlyForDeploymentPostprocessing = 0;
		};
		CD0EED1525CF975000237AFE /* Sources */ = {
			isa = PBXSourcesBuildPhase;
			buildActionMask = 2147483647;
			files = (
				CD0EED1E25CF975000237AFE /* PreworkTests.swift in Sources */,
			);
			runOnlyForDeploymentPostprocessing = 0;
		};
		CD0EED2025CF975000237AFE /* Sources */ = {
			isa = PBXSourcesBuildPhase;
			buildActionMask = 2147483647;
			files = (
				CD0EED2925CF975000237AFE /* PreworkUITests.swift in Sources */,
			);
			runOnlyForDeploymentPostprocessing = 0;
		};
/* End PBXSourcesBuildPhase section */

/* Begin PBXTargetDependency section */
		CD0EED1B25CF975000237AFE /* PBXTargetDependency */ = {
			isa = PBXTargetDependency;
			target = CD0EED0225CF971100237AFE /* Prework */;
			targetProxy = CD0EED1A25CF975000237AFE /* PBXContainerItemProxy */;
		};
		CD0EED2625CF975000237AFE /* PBXTargetDependency */ = {
			isa = PBXTargetDependency;
			target = CD0EED0225CF971100237AFE /* Prework */;
			targetProxy = CD0EED2525CF975000237AFE /* PBXContainerItemProxy */;
		};
/* End PBXTargetDependency section */

/* Begin PBXVariantGroup section */
		CD0EED0C25CF971200237AFE /* Main.storyboard */ = {
			isa = PBXVariantGroup;
			children = (
				CD0EED0D25CF971200237AFE /* Base */,
			);
			name = Main.storyboard;
			sourceTree = "<group>";
		};
		CD0EED1125CF974B00237AFE /* LaunchScreen.storyboard */ = {
			isa = PBXVariantGroup;
			children = (
				CD0EED1225CF974B00237AFE /* Base */,
			);
			name = LaunchScreen.storyboard;
			sourceTree = "<group>";
		};
/* End PBXVariantGroup section */

/* Begin XCBuildConfiguration section */
		CD0EED2B25CF975100237AFE /* Debug */ = {
			isa = XCBuildConfiguration;
			buildSettings = {
				ALWAYS_SEARCH_USER_PATHS = NO;
				CLANG_ANALYZER_NONNULL = YES;
				CLANG_ANALYZER_NUMBER_OBJECT_CONVERSION = YES_AGGRESSIVE;
				CLANG_CXX_LANGUAGE_STANDARD = "gnu++14";
				CLANG_CXX_LIBRARY = "libc++";
				CLANG_ENABLE_MODULES = YES;
				CLANG_ENABLE_OBJC_ARC = YES;
				CLANG_ENABLE_OBJC_WEAK = YES;
				CLANG_WARN_BLOCK_CAPTURE_AUTORELEASING = YES;
				CLANG_WARN_BOOL_CONVERSION = YES;
				CLANG_WARN_COMMA = YES;
				CLANG_WARN_CONSTANT_CONVERSION = YES;
				CLANG_WARN_DEPRECATED_OBJC_IMPLEMENTATIONS = YES;
				CLANG_WARN_DIRECT_OBJC_ISA_USAGE = YES_ERROR;
				CLANG_WARN_DOCUMENTATION_COMMENTS = YES;
				CLANG_WARN_EMPTY_BODY = YES;
				CLANG_WARN_ENUM_CONVERSION = YES;
				CLANG_WARN_INFINITE_RECURSION = YES;
				CLANG_WARN_INT_CONVERSION = YES;
				CLANG_WARN_NON_LITERAL_NULL_CONVERSION = YES;
				CLANG_WARN_OBJC_IMPLICIT_RETAIN_SELF = YES;
				CLANG_WARN_OBJC_LITERAL_CONVERSION = YES;
				CLANG_WARN_OBJC_ROOT_CLASS = YES_ERROR;
				CLANG_WARN_QUOTED_INCLUDE_IN_FRAMEWORK_HEADER = YES;
				CLANG_WARN_RANGE_LOOP_ANALYSIS = YES;
				CLANG_WARN_STRICT_PROTOTYPES = YES;
				CLANG_WARN_SUSPICIOUS_MOVE = YES;
				CLANG_WARN_UNGUARDED_AVAILABILITY = YES_AGGRESSIVE;
				CLANG_WARN_UNREACHABLE_CODE = YES;
				CLANG_WARN__DUPLICATE_METHOD_MATCH = YES;
				COPY_PHASE_STRIP = NO;
				DEBUG_INFORMATION_FORMAT = dwarf;
				ENABLE_STRICT_OBJC_MSGSEND = YES;
				ENABLE_TESTABILITY = YES;
				GCC_C_LANGUAGE_STANDARD = gnu11;
				GCC_DYNAMIC_NO_PIC = NO;
				GCC_NO_COMMON_BLOCKS = YES;
				GCC_OPTIMIZATION_LEVEL = 0;
				GCC_PREPROCESSOR_DEFINITIONS = (
					"DEBUG=1",
					"$(inherited)",
				);
				GCC_WARN_64_TO_32_BIT_CONVERSION = YES;
				GCC_WARN_ABOUT_RETURN_TYPE = YES_ERROR;
				GCC_WARN_UNDECLARED_SELECTOR = YES;
				GCC_WARN_UNINITIALIZED_AUTOS = YES_AGGRESSIVE;
				GCC_WARN_UNUSED_FUNCTION = YES;
				GCC_WARN_UNUSED_VARIABLE = YES;
				IPHONEOS_DEPLOYMENT_TARGET = 14.4;
				MTL_ENABLE_DEBUG_INFO = INCLUDE_SOURCE;
				MTL_FAST_MATH = YES;
				ONLY_ACTIVE_ARCH = YES;
				SDKROOT = iphoneos;
				SWIFT_ACTIVE_COMPILATION_CONDITIONS = DEBUG;
				SWIFT_OPTIMIZATION_LEVEL = "-Onone";
			};
			name = Debug;
		};
		CD0EED2C25CF975100237AFE /* Release */ = {
			isa = XCBuildConfiguration;
			buildSettings = {
				ALWAYS_SEARCH_USER_PATHS = NO;
				CLANG_ANALYZER_NONNULL = YES;
				CLANG_ANALYZER_NUMBER_OBJECT_CONVERSION = YES_AGGRESSIVE;
				CLANG_CXX_LANGUAGE_STANDARD = "gnu++14";
				CLANG_CXX_LIBRARY = "libc++";
				CLANG_ENABLE_MODULES = YES;
				CLANG_ENABLE_OBJC_ARC = YES;
				CLANG_ENABLE_OBJC_WEAK = YES;
				CLANG_WARN_BLOCK_CAPTURE_AUTORELEASING = YES;
				CLANG_WARN_BOOL_CONVERSION = YES;
				CLANG_WARN_COMMA = YES;
				CLANG_WARN_CONSTANT_CONVERSION = YES;
				CLANG_WARN_DEPRECATED_OBJC_IMPLEMENTATIONS = YES;
				CLANG_WARN_DIRECT_OBJC_ISA_USAGE = YES_ERROR;
				CLANG_WARN_DOCUMENTATION_COMMENTS = YES;
				CLANG_WARN_EMPTY_BODY = YES;
				CLANG_WARN_ENUM_CONVERSION = YES;
				CLANG_WARN_INFINITE_RECURSION = YES;
				CLANG_WARN_INT_CONVERSION = YES;
				CLANG_WARN_NON_LITERAL_NULL_CONVERSION = YES;
				CLANG_WARN_OBJC_IMPLICIT_RETAIN_SELF = YES;
				CLANG_WARN_OBJC_LITERAL_CONVERSION = YES;
				CLANG_WARN_OBJC_ROOT_CLASS = YES_ERROR;
				CLANG_WARN_QUOTED_INCLUDE_IN_FRAMEWORK_HEADER = YES;
				CLANG_WARN_RANGE_LOOP_ANALYSIS = YES;
				CLANG_WARN_STRICT_PROTOTYPES = YES;
				CLANG_WARN_SUSPICIOUS_MOVE = YES;
				CLANG_WARN_UNGUARDED_AVAILABILITY = YES_AGGRESSIVE;
				CLANG_WARN_UNREACHABLE_CODE = YES;
				CLANG_WARN__DUPLICATE_METHOD_MATCH = YES;
				COPY_PHASE_STRIP = NO;
				DEBUG_INFORMATION_FORMAT = "dwarf-with-dsym";
				ENABLE_NS_ASSERTIONS = NO;
				ENABLE_STRICT_OBJC_MSGSEND = YES;
				GCC_C_LANGUAGE_STANDARD = gnu11;
				GCC_NO_COMMON_BLOCKS = YES;
				GCC_WARN_64_TO_32_BIT_CONVERSION = YES;
				GCC_WARN_ABOUT_RETURN_TYPE = YES_ERROR;
				GCC_WARN_UNDECLARED_SELECTOR = YES;
				GCC_WARN_UNINITIALIZED_AUTOS = YES_AGGRESSIVE;
				GCC_WARN_UNUSED_FUNCTION = YES;
				GCC_WARN_UNUSED_VARIABLE = YES;
				IPHONEOS_DEPLOYMENT_TARGET = 14.4;
				MTL_ENABLE_DEBUG_INFO = NO;
				MTL_FAST_MATH = YES;
				SDKROOT = iphoneos;
				SWIFT_COMPILATION_MODE = wholemodule;
				SWIFT_OPTIMIZATION_LEVEL = "-O";
				VALIDATE_PRODUCT = YES;
			};
			name = Release;
		};
		CD0EED2E25CF975100237AFE /* Debug */ = {
			isa = XCBuildConfiguration;
			buildSettings = {
				ASSETCATALOG_COMPILER_APPICON_NAME = AppIcon;
				ASSETCATALOG_COMPILER_GLOBAL_ACCENT_COLOR_NAME = AccentColor;
				CODE_SIGN_STYLE = Automatic;
				INFOPLIST_FILE = Prework/Info.plist;
				LD_RUNPATH_SEARCH_PATHS = (
					"$(inherited)",
					"@executable_path/Frameworks",
				);
				PRODUCT_BUNDLE_IDENTIFIER = com.codepath.Prework;
				PRODUCT_NAME = "$(TARGET_NAME)";
				SWIFT_VERSION = 5.0;
				TARGETED_DEVICE_FAMILY = "1,2";
			};
			name = Debug;
		};
		CD0EED2F25CF975100237AFE /* Release */ = {
			isa = XCBuildConfiguration;
			buildSettings = {
				ASSETCATALOG_COMPILER_APPICON_NAME = AppIcon;
				ASSETCATALOG_COMPILER_GLOBAL_ACCENT_COLOR_NAME = AccentColor;
				CODE_SIGN_STYLE = Automatic;
				INFOPLIST_FILE = Prework/Info.plist;
				LD_RUNPATH_SEARCH_PATHS = (
					"$(inherited)",
					"@executable_path/Frameworks",
				);
				PRODUCT_BUNDLE_IDENTIFIER = com.codepath.Prework;
				PRODUCT_NAME = "$(TARGET_NAME)";
				SWIFT_VERSION = 5.0;
				TARGETED_DEVICE_FAMILY = "1,2";
			};
			name = Release;
		};
		CD0EED3125CF975100237AFE /* Debug */ = {
			isa = XCBuildConfiguration;
			buildSettings = {
				ALWAYS_EMBED_SWIFT_STANDARD_LIBRARIES = YES;
				BUNDLE_LOADER = "$(TEST_HOST)";
				CODE_SIGN_STYLE = Automatic;
				INFOPLIST_FILE = PreworkTests/Info.plist;
				IPHONEOS_DEPLOYMENT_TARGET = 14.4;
				LD_RUNPATH_SEARCH_PATHS = (
					"$(inherited)",
					"@executable_path/Frameworks",
					"@loader_path/Frameworks",
				);
				PRODUCT_BUNDLE_IDENTIFIER = com.codepath.PreworkTests;
				PRODUCT_NAME = "$(TARGET_NAME)";
				SWIFT_VERSION = 5.0;
				TARGETED_DEVICE_FAMILY = "1,2";
				TEST_HOST = "$(BUILT_PRODUCTS_DIR)/Prework.app/Prework";
			};
			name = Debug;
		};
		CD0EED3225CF975100237AFE /* Release */ = {
			isa = XCBuildConfiguration;
			buildSettings = {
				ALWAYS_EMBED_SWIFT_STANDARD_LIBRARIES = YES;
				BUNDLE_LOADER = "$(TEST_HOST)";
				CODE_SIGN_STYLE = Automatic;
				INFOPLIST_FILE = PreworkTests/Info.plist;
				IPHONEOS_DEPLOYMENT_TARGET = 14.4;
				LD_RUNPATH_SEARCH_PATHS = (
					"$(inherited)",
					"@executable_path/Frameworks",
					"@loader_path/Frameworks",
				);
				PRODUCT_BUNDLE_IDENTIFIER = com.codepath.PreworkTests;
				PRODUCT_NAME = "$(TARGET_NAME)";
				SWIFT_VERSION = 5.0;
				TARGETED_DEVICE_FAMILY = "1,2";
				TEST_HOST = "$(BUILT_PRODUCTS_DIR)/Prework.app/Prework";
			};
			name = Release;
		};
		CD0EED3425CF975100237AFE /* Debug */ = {
			isa = XCBuildConfiguration;
			buildSettings = {
				ALWAYS_EMBED_SWIFT_STANDARD_LIBRARIES = YES;
				CODE_SIGN_STYLE = Automatic;
				INFOPLIST_FILE = PreworkUITests/Info.plist;
				LD_RUNPATH_SEARCH_PATHS = (
					"$(inherited)",
					"@executable_path/Frameworks",
					"@loader_path/Frameworks",
				);
				PRODUCT_BUNDLE_IDENTIFIER = com.codepath.PreworkUITests;
				PRODUCT_NAME = "$(TARGET_NAME)";
				SWIFT_VERSION = 5.0;
				TARGETED_DEVICE_FAMILY = "1,2";
				TEST_TARGET_NAME = Prework;
			};
			name = Debug;
		};
		CD0EED3525CF975100237AFE /* Release */ = {
			isa = XCBuildConfiguration;
			buildSettings = {
				ALWAYS_EMBED_SWIFT_STANDARD_LIBRARIES = YES;
				CODE_SIGN_STYLE = Automatic;
				INFOPLIST_FILE = PreworkUITests/Info.plist;
				LD_RUNPATH_SEARCH_PATHS = (
					"$(inherited)",
					"@executable_path/Frameworks",
					"@loader_path/Frameworks",
				);
				PRODUCT_BUNDLE_IDENTIFIER = com.codepath.PreworkUITests;
				PRODUCT_NAME = "$(TARGET_NAME)";
				SWIFT_VERSION = 5.0;
				TARGETED_DEVICE_FAMILY = "1,2";
				TEST_TARGET_NAME = Prework;
			};
			name = Release;
		};
/* End XCBuildConfiguration section */

/* Begin XCConfigurationList section */
		CD0EECFE25CF971100237AFE /* Build configuration list for PBXProject "Prework" */ = {
			isa = XCConfigurationList;
			buildConfigurations = (
				CD0EED2B25CF975100237AFE /* Debug */,
				CD0EED2C25CF975100237AFE /* Release */,
			);
			defaultConfigurationIsVisible = 0;
			defaultConfigurationName = Release;
		};
		CD0EED2D25CF975100237AFE /* Build configuration list for PBXNativeTarget "Prework" */ = {
			isa = XCConfigurationList;
			buildConfigurations = (
				CD0EED2E25CF975100237AFE /* Debug */,
				CD0EED2F25CF975100237AFE /* Release */,
			);
			defaultConfigurationIsVisible = 0;
			defaultConfigurationName = Release;
		};
		CD0EED3025CF975100237AFE /* Build configuration list for PBXNativeTarget "PreworkTests" */ = {
			isa = XCConfigurationList;
			buildConfigurations = (
				CD0EED3125CF975100237AFE /* Debug */,
				CD0EED3225CF975100237AFE /* Release */,
			);
			defaultConfigurationIsVisible = 0;
			defaultConfigurationName = Release;
		};
		CD0EED3325CF975100237AFE /* Build configuration list for PBXNativeTarget "PreworkUITests" */ = {
			isa = XCConfigurationList;
			buildConfigurations = (
				CD0EED3425CF975100237AFE /* Debug */,
				CD0EED3525CF975100237AFE /* Release */,
			);
			defaultConfigurationIsVisible = 0;
			defaultConfigurationName = Release;
		};
/* End XCConfigurationList section */
	};
	rootObject = CD0EECFB25CF971100237AFE /* Project object */;
}
